
Microsoft Visual Studio Solution File, Format Version 12.00
# Visual Studio Version 16
VisualStudioVersion = 16.0.31321.278
MinimumVisualStudioVersion = 10.0.40219.1
Project("{FAE04EC0-301F-11D3-BF4B-00C04F79EFBC}") = "WinStoun", "WinStoun\WinStoun.csproj", "{EF5D0C68-BFD0-459E-9377-F6B3A9E45F6D}"
EndProject
Global
	GlobalSection(SolutionConfigurationPlatforms) = preSolution
		Debug|Any CPU = Debug|Any CPU
		Release|Any CPU = Release|Any CPU
	EndGlobalSection
	GlobalSection(ProjectConfigurationPlatforms) = postSolution
		{EF5D0C68-BFD0-459E-9377-F6B3A9E45F6D}.Debug|Any CPU.ActiveCfg = Debug|Any CPU
		{EF5D0C68-BFD0-459E-9377-F6B3A9E45F6D}.Debug|Any CPU.Build.0 = Debug|Any CPU
		{EF5D0C68-BFD0-459E-9377-F6B3A9E45F6D}.Release|Any CPU.ActiveCfg = Release|Any CPU
		{EF5D0C68-BFD0-459E-9377-F6B3A9E45F6D}.Release|Any CPU.Build.0 = Release|Any CPU
	EndGlobalSection
	GlobalSection(SolutionProperties) = preSolution
		HideSolutionNode = FALSE
	EndGlobalSection
	GlobalSection(ExtensibilityGlobals) = postSolution
		SolutionGuid = {F67A33BC-5CC1-4E00-BA16-23B1A675771C}
	EndGlobalSection
EndGlobal
